{
  "name": "glitch-hello-react",
  "version": "0.0.3",
  "lockfileVersion": 1,
  "requires": true,
  "dependencies": {
    "@babel/runtime": {
      "version": "7.17.2",
      "requires": {
        "regenerator-runtime": "^0.13.4"
      }
    },
    "@vitejs/plugin-react-refresh": {
      "version": "1.3.6",
      "dev": true,
      "requires": {
        "@babel/core": "^7.14.8",
        "@babel/plugin-transform-react-jsx-self": "^7.14.5",
        "@babel/plugin-transform-react-jsx-source": "^7.14.5",
        "@rollup/pluginutils": "^4.1.1",
        "react-refresh": "^0.10.0"
      }
    },
    "font-awesome": {
      "version": "4.7.0"
    },
    "history": {
      "version": "4.10.1",
      "requires": {
        "@babel/runtime": "^7.1.2",
        "loose-envify": "^1.2.0",
        "resolve-pathname": "^3.0.0",
        "tiny-invariant": "^1.0.2",
        "tiny-warning": "^1.0.0",
        "value-equal": "^1.0.1"
      }
    },
    "loose-envify": {
      "version": "1.4.0",
      "requires": {
        "js-tokens": "^3.0.0 || ^4.0.0"
      }
    },
    "prop-types": {
      "version": "15.8.1",
      "requires": {
        "loose-envify": "^1.4.0",
        "object-assign": "^4.1.1",
        "react-is": "^16.13.1"
      }
    },
    "react": {
      "version": "17.0.2",
      "requires": {
        "loose-envify": "^1.1.0",
        "object-assign": "^4.1.1"
      }
    },
    "react-dom": {
      "version": "17.0.2",
      "requires": {
        "loose-envify": "^1.1.0",
        "object-assign": "^4.1.1",
        "scheduler": "^0.20.2"
      }
    },
    "react-helmet-async": {
      "version": "1.2.3",
      "requires": {
        "@babel/runtime": "^7.12.5",
        "invariant": "^2.2.4",
        "prop-types": "^15.7.2",
        "react-fast-compare": "^3.2.0",
        "shallowequal": "^1.1.0"
      }
    },
    "react-router": {
      "version": "5.3.1",
      "requires": {
        "@babel/runtime": "^7.12.13",
        "history": "^4.9.0",
        "hoist-non-react-statics": "^3.1.0",
        "loose-envify": "^1.3.1",
        "mini-create-react-context": "^0.4.0",
        "path-to-regexp": "^1.7.0",
        "prop-types": "^15.6.2",
        "react-is": "^16.6.0",
        "tiny-invariant": "^1.0.2",
        "tiny-warning": "^1.0.0"
      }
    },
    "react-router-dom": {
      "version": "5.3.1",
      "resolved": "https://registry.npmjs.org/react-router-dom/-/react-router-dom-5.3.1.tgz",
      "integrity": "sha512-f0pj/gMAbv9e8gahTmCEY20oFhxhrmHwYeIwH5EO5xu0qme+wXtsdB8YfUOAZzUz4VaXmb58m3ceiLtjMhqYmQ==",
      "requires": {
        "@babel/runtime": "^7.12.13",
        "history": "^4.9.0",
        "loose-envify": "^1.3.1",
        "prop-types": "^15.6.2",
        "react-router": "5.3.1",
        "tiny-invariant": "^1.0.2",
        "tiny-warning": "^1.0.0"
      }
    },
    "tiny-invariant": {
      "version": "1.2.0"
    },
    "tiny-warning": {
      "version": "1.0.3"
    },
    "vite": {
      "version": "2.7.13",
      "dev": true,
      "requires": {
        "esbuild": "^0.13.12",
        "fsevents": "~2.3.2",
        "postcss": "^8.4.5",
        "resolve": "^1.20.0",
        "rollup": "^2.59.0"
      }
    }
  }
}
